
Microsoft Visual Studio Solution File, Format Version 12.00
# Visual Studio Version 16
VisualStudioVersion = 16.0.33529.622
MinimumVisualStudioVersion = 10.0.40219.1
Project("{FAE04EC0-301F-11D3-BF4B-00C04F79EFBC}") = "Copmuter Graghics", "Copmuter Graghics.csproj", "{A1E839DB-4394-48D9-8FE4-26D8E9F9B6E1}"
EndProject
Global
	GlobalSection(SolutionConfigurationPlatforms) = preSolution
		Debug|Any CPU = Debug|Any CPU
		Release|Any CPU = Release|Any CPU
	EndGlobalSection
	GlobalSection(ProjectConfigurationPlatforms) = postSolution
		{A1E839DB-4394-48D9-8FE4-26D8E9F9B6E1}.Debug|Any CPU.ActiveCfg = Debug|Any CPU
		{A1E839DB-4394-48D9-8FE4-26D8E9F9B6E1}.Debug|Any CPU.Build.0 = Debug|Any CPU
		{A1E839DB-4394-48D9-8FE4-26D8E9F9B6E1}.Release|Any CPU.ActiveCfg = Release|Any CPU
		{A1E839DB-4394-48D9-8FE4-26D8E9F9B6E1}.Release|Any CPU.Build.0 = Release|Any CPU
	EndGlobalSection
	GlobalSection(SolutionProperties) = preSolution
		HideSolutionNode = FALSE
	EndGlobalSection
	GlobalSection(ExtensibilityGlobals) = postSolution
		SolutionGuid = {0111C04A-0439-4624-96F4-1446D8B586C2}
	EndGlobalSection
EndGlobal
